
Microsoft Visual Studio Solution File, Format Version 12.00
# Visual Studio 15
VisualStudioVersion = 15.0.28010.2046
MinimumVisualStudioVersion = 10.0.40219.1
Project("{FAE04EC0-301F-11D3-BF4B-00C04F79EFBC}") = "CarouselViewSlider", "CarouselViewSlider\CarouselViewSlider.csproj", "{B917955D-E77C-49BD-9C87-6B79A4BA0AA7}"
EndProject
Global
	GlobalSection(SolutionConfigurationPlatforms) = preSolution
		Debug|Any CPU = Debug|Any CPU
		Release|Any CPU = Release|Any CPU
	EndGlobalSection
	GlobalSection(ProjectConfigurationPlatforms) = postSolution
		{B917955D-E77C-49BD-9C87-6B79A4BA0AA7}.Debug|Any CPU.ActiveCfg = Debug|Any CPU
		{B917955D-E77C-49BD-9C87-6B79A4BA0AA7}.Debug|Any CPU.Build.0 = Debug|Any CPU
		{B917955D-E77C-49BD-9C87-6B79A4BA0AA7}.Debug|Any CPU.Deploy.0 = Debug|Any CPU
		{B917955D-E77C-49BD-9C87-6B79A4BA0AA7}.Release|Any CPU.ActiveCfg = Release|Any CPU
		{B917955D-E77C-49BD-9C87-6B79A4BA0AA7}.Release|Any CPU.Build.0 = Release|Any CPU
		{B917955D-E77C-49BD-9C87-6B79A4BA0AA7}.Release|Any CPU.Deploy.0 = Release|Any CPU
	EndGlobalSection
	GlobalSection(SolutionProperties) = preSolution
		HideSolutionNode = FALSE
	EndGlobalSection
	GlobalSection(ExtensibilityGlobals) = postSolution
		SolutionGuid = {4718D2A5-5B1F-432A-A110-F23CA7F8A1F7}
	EndGlobalSection
EndGlobal
